
Microsoft Visual Studio Solution File, Format Version 12.00
# Visual Studio Version 16
VisualStudioVersion = 16.0.30907.101
MinimumVisualStudioVersion = 10.0.40219.1
Project("{9A19103F-16F7-4668-BE54-9A1E7A4F7556}") = "ConsoleCalculator", "ConsoleCalculator\ConsoleCalculator.csproj", "{27CBED56-AC29-4A08-86D7-9DD8F94A8A45}"
	ProjectSection(ProjectDependencies) = postProject
		{A50FABA6-B1BA-48ED-8497-7C0DC0B7774C} = {A50FABA6-B1BA-48ED-8497-7C0DC0B7774C}
	EndProjectSection
EndProject
Project("{9A19103F-16F7-4668-BE54-9A1E7A4F7556}") = "MyCalculator", "MyCalculator\MyCalculator.csproj", "{DC5E885A-66B5-4EA7-BD05-E36DD82992BE}"
EndProject
Project("{9A19103F-16F7-4668-BE54-9A1E7A4F7556}") = "MyCalculatorTests1", "MyCalculatorTests1\MyCalculatorTests1.csproj", "{5C5DBD46-79DE-42A1-B2C5-9C6518123A68}"
EndProject
Project("{9A19103F-16F7-4668-BE54-9A1E7A4F7556}") = "ProjectEventHandler", "ProjectEventHandler\ProjectEventHandler.csproj", "{A50FABA6-B1BA-48ED-8497-7C0DC0B7774C}"
EndProject
Global
	GlobalSection(SolutionConfigurationPlatforms) = preSolution
		Debug|Any CPU = Debug|Any CPU
		Release|Any CPU = Release|Any CPU
	EndGlobalSection
	GlobalSection(ProjectConfigurationPlatforms) = postSolution
		{27CBED56-AC29-4A08-86D7-9DD8F94A8A45}.Debug|Any CPU.ActiveCfg = Debug|Any CPU
		{27CBED56-AC29-4A08-86D7-9DD8F94A8A45}.Debug|Any CPU.Build.0 = Debug|Any CPU
		{27CBED56-AC29-4A08-86D7-9DD8F94A8A45}.Release|Any CPU.ActiveCfg = Release|Any CPU
		{27CBED56-AC29-4A08-86D7-9DD8F94A8A45}.Release|Any CPU.Build.0 = Release|Any CPU
		{DC5E885A-66B5-4EA7-BD05-E36DD82992BE}.Debug|Any CPU.ActiveCfg = Debug|Any CPU
		{DC5E885A-66B5-4EA7-BD05-E36DD82992BE}.Debug|Any CPU.Build.0 = Debug|Any CPU
		{DC5E885A-66B5-4EA7-BD05-E36DD82992BE}.Release|Any CPU.ActiveCfg = Release|Any CPU
		{DC5E885A-66B5-4EA7-BD05-E36DD82992BE}.Release|Any CPU.Build.0 = Release|Any CPU
		{5C5DBD46-79DE-42A1-B2C5-9C6518123A68}.Debug|Any CPU.ActiveCfg = Debug|Any CPU
		{5C5DBD46-79DE-42A1-B2C5-9C6518123A68}.Debug|Any CPU.Build.0 = Debug|Any CPU
		{5C5DBD46-79DE-42A1-B2C5-9C6518123A68}.Release|Any CPU.ActiveCfg = Release|Any CPU
		{5C5DBD46-79DE-42A1-B2C5-9C6518123A68}.Release|Any CPU.Build.0 = Release|Any CPU
		{A50FABA6-B1BA-48ED-8497-7C0DC0B7774C}.Debug|Any CPU.ActiveCfg = Debug|Any CPU
		{A50FABA6-B1BA-48ED-8497-7C0DC0B7774C}.Debug|Any CPU.Build.0 = Debug|Any CPU
		{A50FABA6-B1BA-48ED-8497-7C0DC0B7774C}.Release|Any CPU.ActiveCfg = Release|Any CPU
		{A50FABA6-B1BA-48ED-8497-7C0DC0B7774C}.Release|Any CPU.Build.0 = Release|Any CPU
	EndGlobalSection
	GlobalSection(SolutionProperties) = preSolution
		HideSolutionNode = FALSE
	EndGlobalSection
	GlobalSection(ExtensibilityGlobals) = postSolution
		SolutionGuid = {B08570CB-2EEC-4736-980D-75D501FA2D4F}
	EndGlobalSection
EndGlobal
